
Microsoft Visual Studio Solution File, Format Version 12.00
# Visual Studio Version 16
VisualStudioVersion = 16.0.35229.62
MinimumVisualStudioVersion = 10.0.40219.1
Project("{9A19103F-16F7-4668-BE54-9A1E7A4F7556}") = "WpfApp1", "WpfApp1\WpfApp1.csproj", "{7DC636BC-7DD5-4D16-8465-98459697DCCD}"
EndProject
Global
	GlobalSection(SolutionConfigurationPlatforms) = preSolution
		Debug|Any CPU = Debug|Any CPU
		Release|Any CPU = Release|Any CPU
	EndGlobalSection
	GlobalSection(ProjectConfigurationPlatforms) = postSolution
		{7DC636BC-7DD5-4D16-8465-98459697DCCD}.Debug|Any CPU.ActiveCfg = Debug|Any CPU
		{7DC636BC-7DD5-4D16-8465-98459697DCCD}.Debug|Any CPU.Build.0 = Debug|Any CPU
		{7DC636BC-7DD5-4D16-8465-98459697DCCD}.Release|Any CPU.ActiveCfg = Release|Any CPU
		{7DC636BC-7DD5-4D16-8465-98459697DCCD}.Release|Any CPU.Build.0 = Release|Any CPU
	EndGlobalSection
	GlobalSection(SolutionProperties) = preSolution
		HideSolutionNode = FALSE
	EndGlobalSection
	GlobalSection(ExtensibilityGlobals) = postSolution
		SolutionGuid = {0366DE0C-413A-4E68-B61A-B322023F74CF}
	EndGlobalSection
EndGlobal
